
Microsoft Visual Studio Solution File, Format Version 12.00
# Visual Studio Version 17
VisualStudioVersion = 17.9.34728.123
MinimumVisualStudioVersion = 10.0.40219.1
Project("{FAE04EC0-301F-11D3-BF4B-00C04F79EFBC}") = "WebApplication1", "WebApplication1\WebApplication1.csproj", "{A15A68F0-6240-4DD9-9489-E603B4B878D7}"
EndProject
Global
	GlobalSection(SolutionConfigurationPlatforms) = preSolution
		Debug|Any CPU = Debug|Any CPU
		Release|Any CPU = Release|Any CPU
	EndGlobalSection
	GlobalSection(ProjectConfigurationPlatforms) = postSolution
		{A15A68F0-6240-4DD9-9489-E603B4B878D7}.Debug|Any CPU.ActiveCfg = Debug|Any CPU
		{A15A68F0-6240-4DD9-9489-E603B4B878D7}.Debug|Any CPU.Build.0 = Debug|Any CPU
		{A15A68F0-6240-4DD9-9489-E603B4B878D7}.Release|Any CPU.ActiveCfg = Release|Any CPU
		{A15A68F0-6240-4DD9-9489-E603B4B878D7}.Release|Any CPU.Build.0 = Release|Any CPU
	EndGlobalSection
	GlobalSection(SolutionProperties) = preSolution
		HideSolutionNode = FALSE
	EndGlobalSection
	GlobalSection(ExtensibilityGlobals) = postSolution
		SolutionGuid = {87ED01ED-EB44-4249-8FCD-89F28D215D1E}
	EndGlobalSection
EndGlobal
